
Microsoft Visual Studio Solution File, Format Version 11.00
# Visual Studio 2010
Project("{F184B08F-C81C-45F6-A57F-5ABD9991F28F}") = "GraphEqIneqSolver", "GraphEqIneqSolver\GraphEqIneqSolver.vbproj", "{D1B4D4CA-9EBE-424E-83D4-7291084D4ED2}"
EndProject
Global
	GlobalSection(SolutionConfigurationPlatforms) = preSolution
		Debug|Any CPU = Debug|Any CPU
		Release|Any CPU = Release|Any CPU
	EndGlobalSection
	GlobalSection(ProjectConfigurationPlatforms) = postSolution
		{D1B4D4CA-9EBE-424E-83D4-7291084D4ED2}.Debug|Any CPU.ActiveCfg = Debug|Any CPU
		{D1B4D4CA-9EBE-424E-83D4-7291084D4ED2}.Debug|Any CPU.Build.0 = Debug|Any CPU
		{D1B4D4CA-9EBE-424E-83D4-7291084D4ED2}.Release|Any CPU.ActiveCfg = Release|Any CPU
		{D1B4D4CA-9EBE-424E-83D4-7291084D4ED2}.Release|Any CPU.Build.0 = Release|Any CPU
	EndGlobalSection
	GlobalSection(SolutionProperties) = preSolution
		HideSolutionNode = FALSE
	EndGlobalSection
EndGlobal
